lockfileVersion: '6.0'

settings:
  autoInstallPeers: true
  excludeLinksFromLockfile: false

dependencies:
  preline:
    specifier: ^2.0.3
    version: 2.0.3

packages:

  /@popperjs/core@2.11.8:
    resolution: {integrity: sha512-P1st0aksCrn9sGZhp8GMYwBnQsbvAWsZAX44oXNNvLHGqAOcoVxmjZiohstwQ7SqKnbR47akdNi+uleWD8+g6A==}
    dev: false

  /preline@2.0.3:
    resolution: {integrity: sha512-V/sLmRIHd23UCdvJNRKKszntgUqA0381erVzRpQ48NjjMOgI7DyFW4mr+lg387V0oeBc5Dx9Jxa5voppVoH9GA==}
    dependencies:
      '@popperjs/core': 2.11.8
    dev: false
